// !$*UTF8*$!
{
	archiveVersion = 1;
	classes = {
	};
	objectVersion = 46;
	objects = {

/* Begin PBXBuildFile section */
		D4DB8A9E1CABC2F000E8BFBD /* AppDelegate.swift in Sources */ = {isa = PBXBuildFile; fileRef = D4DB8A9D1CABC2F000E8BFBD /* AppDelegate.swift */; };
		D4DB8AA51CABC2F000E8BFBD /* Images.xcassets in Resources */ = {isa = PBXBuildFile; fileRef = D4DB8AA41CABC2F000E8BFBD /* Images.xcassets */; };
		D4DB8AA81CABC2F000E8BFBD /* LaunchScreen.xib in Resources */ = {isa = PBXBuildFile; fileRef = D4DB8AA61CABC2F000E8BFBD /* LaunchScreen.xib */; };
		D4DB8AB41CABC2F000E8BFBD /* PopViewTests.swift in Sources */ = {isa = PBXBuildFile; fileRef = D4DB8AB31CABC2F000E8BFBD /* PopViewTests.swift */; };
		D4E51B871CAE5601007BA907 /* PopView.swift in Sources */ = {isa = PBXBuildFile; fileRef = D4E51B861CAE5601007BA907 /* PopView.swift */; };
		D4F492AB1CABC7BC00C322A5 /* Toolkit.swift in Sources */ = {isa = PBXBuildFile; fileRef = D4F492AA1CABC7BC00C322A5 /* Toolkit.swift */; };
		D4F492AF1CABD09C00C322A5 /* indexViewController.swift in Sources */ = {isa = PBXBuildFile; fileRef = D4F492AE1CABD09C00C322A5 /* indexViewController.swift */; };
/* End PBXBuildFile section */

/* Begin PBXContainerItemProxy section */
		D4DB8AAE1CABC2F000E8BFBD /* PBXContainerItemProxy */ = {
			isa = PBXContainerItemProxy;
			containerPortal = D4DB8A901CABC2F000E8BFBD /* Project object */;
			proxyType = 1;
			remoteGlobalIDString = D4DB8A971CABC2F000E8BFBD;
			remoteInfo = PopView;
		};
/* End PBXContainerItemProxy section */

/* Begin PBXFileReference section */
		D4DB8A981CABC2F000E8BFBD /* PopView.app */ = {isa = PBXFileReference; explicitFileType = wrapper.application; includeInIndex = 0; path = PopView.app; sourceTree = BUILT_PRODUCTS_DIR; };
		D4DB8A9C1CABC2F000E8BFBD /* Info.plist */ = {isa = PBXFileReference; lastKnownFileType = text.plist.xml; path = Info.plist; sourceTree = "<group>"; };
		D4DB8A9D1CABC2F000E8BFBD /* AppDelegate.swift */ = {isa = PBXFileReference; lastKnownFileType = sourcecode.swift; path = AppDelegate.swift; sourceTree = "<group>"; };
		D4DB8AA41CABC2F000E8BFBD /* Images.xcassets */ = {isa = PBXFileReference; lastKnownFileType = folder.assetcatalog; path = Images.xcassets; sourceTree = "<group>"; };
		D4DB8AA71CABC2F000E8BFBD /* Base */ = {isa = PBXFileReference; lastKnownFileType = file.xib; name = Base; path = Base.lproj/LaunchScreen.xib; sourceTree = "<group>"; };
		D4DB8AAD1CABC2F000E8BFBD /* PopViewTests.xctest */ = {isa = PBXFileReference; explicitFileType = wrapper.cfbundle; includeInIndex = 0; path = PopViewTests.xctest; sourceTree = BUILT_PRODUCTS_DIR; };
		D4DB8AB21CABC2F000E8BFBD /* Info.plist */ = {isa = PBXFileReference; lastKnownFileType = text.plist.xml; path = Info.plist; sourceTree = "<group>"; };
		D4DB8AB31CABC2F000E8BFBD /* PopViewTests.swift */ = {isa = PBXFileReference; lastKnownFileType = sourcecode.swift; path = PopViewTests.swift; sourceTree = "<group>"; };
		D4E51B861CAE5601007BA907 /* PopView.swift */ = {isa = PBXFileReference; fileEncoding = 4; lastKnownFileType = sourcecode.swift; path = PopView.swift; sourceTree = "<group>"; };
		D4F492AA1CABC7BC00C322A5 /* Toolkit.swift */ = {isa = PBXFileReference; fileEncoding = 4; lastKnownFileType = sourcecode.swift; path = Toolkit.swift; sourceTree = "<group>"; };
		D4F492AE1CABD09C00C322A5 /* indexViewController.swift */ = {isa = PBXFileReference; fileEncoding = 4; lastKnownFileType = sourcecode.swift; path = indexViewController.swift; sourceTree = "<group>"; };
/* End PBXFileReference section */

/* Begin PBXFrameworksBuildPhase section */
		D4DB8A951CABC2F000E8BFBD /* Frameworks */ = {
			isa = PBXFrameworksBuildPhase;
			buildActionMask = 2147483647;
			files = (
			);
			runOnlyForDeploymentPostprocessing = 0;
		};
		D4DB8AAA1CABC2F000E8BFBD /* Frameworks */ = {
			isa = PBXFrameworksBuildPhase;
			buildActionMask = 2147483647;
			files = (
			);
			runOnlyForDeploymentPostprocessing = 0;
		};
/* End PBXFrameworksBuildPhase section */

/* Begin PBXGroup section */
		D4DB8A8F1CABC2F000E8BFBD = {
			isa = PBXGroup;
			children = (
				D4DB8A9A1CABC2F000E8BFBD /* PopView */,
				D4DB8AB01CABC2F000E8BFBD /* PopViewTests */,
				D4DB8A991CABC2F000E8BFBD /* Products */,
			);
			sourceTree = "<group>";
		};
		D4DB8A991CABC2F000E8BFBD /* Products */ = {
			isa = PBXGroup;
			children = (
				D4DB8A981CABC2F000E8BFBD /* PopView.app */,
				D4DB8AAD1CABC2F000E8BFBD /* PopViewTests.xctest */,
			);
			name = Products;
			sourceTree = "<group>";
		};
		D4DB8A9A1CABC2F000E8BFBD /* PopView */ = {
			isa = PBXGroup;
			children = (
				D4DB8A9D1CABC2F000E8BFBD /* AppDelegate.swift */,
				D4F492AE1CABD09C00C322A5 /* indexViewController.swift */,
				D4E51B861CAE5601007BA907 /* PopView.swift */,
				D4F492AA1CABC7BC00C322A5 /* Toolkit.swift */,
				D4DB8AA41CABC2F000E8BFBD /* Images.xcassets */,
				D4DB8AA61CABC2F000E8BFBD /* LaunchScreen.xib */,
				D4DB8A9B1CABC2F000E8BFBD /* Supporting Files */,
			);
			path = PopView;
			sourceTree = "<group>";
		};
		D4DB8A9B1CABC2F000E8BFBD /* Supporting Files */ = {
			isa = PBXGroup;
			children = (
				D4DB8A9C1CABC2F000E8BFBD /* Info.plist */,
			);
			name = "Supporting Files";
			sourceTree = "<group>";
		};
		D4DB8AB01CABC2F000E8BFBD /* PopViewTests */ = {
			isa = PBXGroup;
			children = (
				D4DB8AB31CABC2F000E8BFBD /* PopViewTests.swift */,
				D4DB8AB11CABC2F000E8BFBD /* Supporting Files */,
			);
			path = PopViewTests;
			sourceTree = "<group>";
		};
		D4DB8AB11CABC2F000E8BFBD /* Supporting Files */ = {
			isa = PBXGroup;
			children = (
				D4DB8AB21CABC2F000E8BFBD /* Info.plist */,
			);
			name = "Supporting Files";
			sourceTree = "<group>";
		};
/* End PBXGroup section */

/* Begin PBXNativeTarget section */
		D4DB8A971CABC2F000E8BFBD /* PopView */ = {
			isa = PBXNativeTarget;
			buildConfigurationList = D4DB8AB71CABC2F000E8BFBD /* Build configuration list for PBXNativeTarget "PopView" */;
			buildPhases = (
				D4DB8A941CABC2F000E8BFBD /* Sources */,
				D4DB8A951CABC2F000E8BFBD /* Frameworks */,
				D4DB8A961CABC2F000E8BFBD /* Resources */,
			);
			buildRules = (
			);
			dependencies = (
			);
			name = PopView;
			productName = PopView;
			productReference = D4DB8A981CABC2F000E8BFBD /* PopView.app */;
			productType = "com.apple.product-type.application";
		};
		D4DB8AAC1CABC2F000E8BFBD /* PopViewTests */ = {
			isa = PBXNativeTarget;
			buildConfigurationList = D4DB8ABA1CABC2F000E8BFBD /* Build configuration list for PBXNativeTarget "PopViewTests" */;
			buildPhases = (
				D4DB8AA91CABC2F000E8BFBD /* Sources */,
				D4DB8AAA1CABC2F000E8BFBD /* Frameworks */,
				D4DB8AAB1CABC2F000E8BFBD /* Resources */,
			);
			buildRules = (
			);
			dependencies = (
				D4DB8AAF1CABC2F000E8BFBD /* PBXTargetDependency */,
			);
			name = PopViewTests;
			productName = PopViewTests;
			productReference = D4DB8AAD1CABC2F000E8BFBD /* PopViewTests.xctest */;
			productType = "com.apple.product-type.bundle.unit-test";
		};
/* End PBXNativeTarget section */

/* Begin PBXProject section */
		D4DB8A901CABC2F000E8BFBD /* Project object */ = {
			isa = PBXProject;
			attributes = {
				LastUpgradeCheck = 0640;
				ORGANIZATIONNAME = xuliran;
				TargetAttributes = {
					D4DB8A971CABC2F000E8BFBD = {
						CreatedOnToolsVersion = 6.4;
					};
					D4DB8AAC1CABC2F000E8BFBD = {
						CreatedOnToolsVersion = 6.4;
						TestTargetID = D4DB8A971CABC2F000E8BFBD;
					};
				};
			};
			buildConfigurationList = D4DB8A931CABC2F000E8BFBD /* Build configuration list for PBXProject "PopView" */;
			compatibilityVersion = "Xcode 3.2";
			developmentRegion = English;
			hasScannedForEncodings = 0;
			knownRegions = (
				en,
				Base,
			);
			mainGroup = D4DB8A8F1CABC2F000E8BFBD;
			productRefGroup = D4DB8A991CABC2F000E8BFBD /* Products */;
			projectDirPath = "";
			projectRoot = "";
			targets = (
				D4DB8A971CABC2F000E8BFBD /* PopView */,
				D4DB8AAC1CABC2F000E8BFBD /* PopViewTests */,
			);
		};
/* End PBXProject section */

/* Begin PBXResourcesBuildPhase section */
		D4DB8A961CABC2F000E8BFBD /* Resources */ = {
			isa = PBXResourcesBuildPhase;
			buildActionMask = 2147483647;
			files = (
				D4DB8AA81CABC2F000E8BFBD /* LaunchScreen.xib in Resources */,
				D4DB8AA51CABC2F000E8BFBD /* Images.xcassets in Resources */,
			);
			runOnlyForDeploymentPostprocessing = 0;
		};
		D4DB8AAB1CABC2F000E8BFBD /* Resources */ = {
			isa = PBXResourcesBuildPhase;
			buildActionMask = 2147483647;
			files = (
			);
			runOnlyForDeploymentPostprocessing = 0;
		};
/* End PBXResourcesBuildPhase section */

/* Begin PBXSourcesBuildPhase section */
		D4DB8A941CABC2F000E8BFBD /* Sources */ = {
			isa = PBXSourcesBuildPhase;
			buildActionMask = 2147483647;
			files = (
				D4F492AB1CABC7BC00C322A5 /* Toolkit.swift in Sources */,
				D4F492AF1CABD09C00C322A5 /* indexViewController.swift in Sources */,
				D4E51B871CAE5601007BA907 /* PopView.swift in Sources */,
				D4DB8A9E1CABC2F000E8BFBD /* AppDelegate.swift in Sources */,
			);
			runOnlyForDeploymentPostprocessing = 0;
		};
		D4DB8AA91CABC2F000E8BFBD /* Sources */ = {
			isa = PBXSourcesBuildPhase;
			buildActionMask = 2147483647;
			files = (
				D4DB8AB41CABC2F000E8BFBD /* PopViewTests.swift in Sources */,
			);
			runOnlyForDeploymentPostprocessing = 0;
		};
/* End PBXSourcesBuildPhase section */

/* Begin PBXTargetDependency section */
		D4DB8AAF1CABC2F000E8BFBD /* PBXTargetDependency */ = {
			isa = PBXTargetDependency;
			target = D4DB8A971CABC2F000E8BFBD /* PopView */;
			targetProxy = D4DB8AAE1CABC2F000E8BFBD /* PBXContainerItemProxy */;
		};
/* End PBXTargetDependency section */

/* Begin PBXVariantGroup section */
		D4DB8AA61CABC2F000E8BFBD /* LaunchScreen.xib */ = {
			isa = PBXVariantGroup;
			children = (
				D4DB8AA71CABC2F000E8BFBD /* Base */,
			);
			name = LaunchScreen.xib;
			sourceTree = "<group>";
		};
/* End PBXVariantGroup section */

/* Begin XCBuildConfiguration section */
		D4DB8AB51CABC2F000E8BFBD /* Debug */ = {
			isa = XCBuildConfiguration;
			buildSettings = {
				ALWAYS_SEARCH_USER_PATHS = NO;
				CLANG_CXX_LANGUAGE_STANDARD = "gnu++0x";
				CLANG_CXX_LIBRARY = "libc++";
				CLANG_ENABLE_MODULES = YES;
				CLANG_ENABLE_OBJC_ARC = YES;
				CLANG_WARN_BOOL_CONVERSION = YES;
				CLANG_WARN_CONSTANT_CONVERSION = YES;
				CLANG_WARN_DIRECT_OBJC_ISA_USAGE = YES_ERROR;
				CLANG_WARN_EMPTY_BODY = YES;
				CLANG_WARN_ENUM_CONVERSION = YES;
				CLANG_WARN_INT_CONVERSION = YES;
				CLANG_WARN_OBJC_ROOT_CLASS = YES_ERROR;
				CLANG_WARN_UNREACHABLE_CODE = YES;
				CLANG_WARN__DUPLICATE_METHOD_MATCH = YES;
				"CODE_SIGN_IDENTITY[sdk=iphoneos*]" = "iPhone Developer";
				COPY_PHASE_STRIP = NO;
				DEBUG_INFORMATION_FORMAT = "dwarf-with-dsym";
				ENABLE_STRICT_OBJC_MSGSEND = YES;
				GCC_C_LANGUAGE_STANDARD = gnu99;
				GCC_DYNAMIC_NO_PIC = NO;
				GCC_NO_COMMON_BLOCKS = YES;
				GCC_OPTIMIZATION_LEVEL = 0;
				GCC_PREPROCESSOR_DEFINITIONS = (
					"DEBUG=1",
					"$(inherited)",
				);
				GCC_SYMBOLS_PRIVATE_EXTERN = NO;
				GCC_WARN_64_TO_32_BIT_CONVERSION = YES;
				GCC_WARN_ABOUT_RETURN_TYPE = YES_ERROR;
				GCC_WARN_UNDECLARED_SELECTOR = YES;
				GCC_WARN_UNINITIALIZED_AUTOS = YES_AGGRESSIVE;
				GCC_WARN_UNUSED_FUNCTION = YES;
				GCC_WARN_UNUSED_VARIABLE = YES;
				IPHONEOS_DEPLOYMENT_TARGET = 8.4;
				MTL_ENABLE_DEBUG_INFO = YES;
				ONLY_ACTIVE_ARCH = YES;
				SDKROOT = iphoneos;
				SWIFT_OPTIMIZATION_LEVEL = "-Onone";
			};
			name = Debug;
		};
		D4DB8AB61CABC2F000E8BFBD /* Release */ = {
			isa = XCBuildConfiguration;
			buildSettings = {
				ALWAYS_SEARCH_USER_PATHS = NO;
				CLANG_CXX_LANGUAGE_STANDARD = "gnu++0x";
				CLANG_CXX_LIBRARY = "libc++";
				CLANG_ENABLE_MODULES = YES;
				CLANG_ENABLE_OBJC_ARC = YES;
				CLANG_WARN_BOOL_CONVERSION = YES;
				CLANG_WARN_CONSTANT_CONVERSION = YES;
				CLANG_WARN_DIRECT_OBJC_ISA_USAGE = YES_ERROR;
				CLANG_WARN_EMPTY_BODY = YES;
				CLANG_WARN_ENUM_CONVERSION = YES;
				CLANG_WARN_INT_CONVERSION = YES;
				CLANG_WARN_OBJC_ROOT_CLASS = YES_ERROR;
				CLANG_WARN_UNREACHABLE_CODE = YES;
				CLANG_WARN__DUPLICATE_METHOD_MATCH = YES;
				"CODE_SIGN_IDENTITY[sdk=iphoneos*]" = "iPhone Developer";
				COPY_PHASE_STRIP = NO;
				DEBUG_INFORMATION_FORMAT = "dwarf-with-dsym";
				ENABLE_NS_ASSERTIONS = NO;
				ENABLE_STRICT_OBJC_MSGSEND = YES;
				GCC_C_LANGUAGE_STANDARD = gnu99;
				GCC_NO_COMMON_BLOCKS = YES;
				GCC_WARN_64_TO_32_BIT_CONVERSION = YES;
				GCC_WARN_ABOUT_RETURN_TYPE = YES_ERROR;
				GCC_WARN_UNDECLARED_SELECTOR = YES;
				GCC_WARN_UNINITIALIZED_AUTOS = YES_AGGRESSIVE;
				GCC_WARN_UNUSED_FUNCTION = YES;
				GCC_WARN_UNUSED_VARIABLE = YES;
				IPHONEOS_DEPLOYMENT_TARGET = 8.4;
				MTL_ENABLE_DEBUG_INFO = NO;
				SDKROOT = iphoneos;
				VALIDATE_PRODUCT = YES;
			};
			name = Release;
		};
		D4DB8AB81CABC2F000E8BFBD /* Debug */ = {
			isa = XCBuildConfiguration;
			buildSettings = {
				ASSETCATALOG_COMPILER_APPICON_NAME = AppIcon;
				INFOPLIST_FILE = PopView/Info.plist;
				LD_RUNPATH_SEARCH_PATHS = "$(inherited) @executable_path/Frameworks";
				PRODUCT_NAME = "$(TARGET_NAME)";
			};
			name = Debug;
		};
		D4DB8AB91CABC2F000E8BFBD /* Release */ = {
			isa = XCBuildConfiguration;
			buildSettings = {
				ASSETCATALOG_COMPILER_APPICON_NAME = AppIcon;
				INFOPLIST_FILE = PopView/Info.plist;
				LD_RUNPATH_SEARCH_PATHS = "$(inherited) @executable_path/Frameworks";
				PRODUCT_NAME = "$(TARGET_NAME)";
			};
			name = Release;
		};
		D4DB8ABB1CABC2F000E8BFBD /* Debug */ = {
			isa = XCBuildConfiguration;
			buildSettings = {
				BUNDLE_LOADER = "$(TEST_HOST)";
				FRAMEWORK_SEARCH_PATHS = (
					"$(SDKROOT)/Developer/Library/Frameworks",
					"$(inherited)",
				);
				GCC_PREPROCESSOR_DEFINITIONS = (
					"DEBUG=1",
					"$(inherited)",
				);
				INFOPLIST_FILE = PopViewTests/Info.plist;
				LD_RUNPATH_SEARCH_PATHS = "$(inherited) @executable_path/Frameworks @loader_path/Frameworks";
				PRODUCT_NAME = "$(TARGET_NAME)";
				TEST_HOST = "$(BUILT_PRODUCTS_DIR)/PopView.app/PopView";
			};
			name = Debug;
		};
		D4DB8ABC1CABC2F000E8BFBD /* Release */ = {
			isa = XCBuildConfiguration;
			buildSettings = {
				BUNDLE_LOADER = "$(TEST_HOST)";
				FRAMEWORK_SEARCH_PATHS = (
					"$(SDKROOT)/Developer/Library/Frameworks",
					"$(inherited)",
				);
				INFOPLIST_FILE = PopViewTests/Info.plist;
				LD_RUNPATH_SEARCH_PATHS = "$(inherited) @executable_path/Frameworks @loader_path/Frameworks";
				PRODUCT_NAME = "$(TARGET_NAME)";
				TEST_HOST = "$(BUILT_PRODUCTS_DIR)/PopView.app/PopView";
			};
			name = Release;
		};
/* End XCBuildConfiguration section */

/* Begin XCConfigurationList section */
		D4DB8A931CABC2F000E8BFBD /* Build configuration list for PBXProject "PopView" */ = {
			isa = XCConfigurationList;
			buildConfigurations = (
				D4DB8AB51CABC2F000E8BFBD /* Debug */,
				D4DB8AB61CABC2F000E8BFBD /* Release */,
			);
			defaultConfigurationIsVisible = 0;
			defaultConfigurationName = Release;
		};
		D4DB8AB71CABC2F000E8BFBD /* Build configuration list for PBXNativeTarget "PopView" */ = {
			isa = XCConfigurationList;
			buildConfigurations = (
				D4DB8AB81CABC2F000E8BFBD /* Debug */,
				D4DB8AB91CABC2F000E8BFBD /* Release */,
			);
			defaultConfigurationIsVisible = 0;
			defaultConfigurationName = Release;
		};
		D4DB8ABA1CABC2F000E8BFBD /* Build configuration list for PBXNativeTarget "PopViewTests" */ = {
			isa = XCConfigurationList;
			buildConfigurations = (
				D4DB8ABB1CABC2F000E8BFBD /* Debug */,
				D4DB8ABC1CABC2F000E8BFBD /* Release */,
			);
			defaultConfigurationIsVisible = 0;
			defaultConfigurationName = Release;
		};
/* End XCConfigurationList section */
	};
	rootObject = D4DB8A901CABC2F000E8BFBD /* Project object */;
}
